
Microsoft Visual Studio Solution File, Format Version 12.00
# Visual Studio Version 17
VisualStudioVersion = 17.8.34309.116
MinimumVisualStudioVersion = 10.0.40219.1
Project("{FAE04EC0-301F-11D3-BF4B-00C04F79EFBC}") = "RmsBackend", "RmsBackend\RmsBackend.csproj", "{C7B31BEA-B287-4663-959B-27E95330CD18}"
EndProject
Project("{FAE04EC0-301F-11D3-BF4B-00C04F79EFBC}") = "DAL", "DAL\DAL.csproj", "{72309397-F145-4144-8A36-5933A74C6902}"
EndProject
Project("{FAE04EC0-301F-11D3-BF4B-00C04F79EFBC}") = "BLL", "BLL\BLL.csproj", "{7998B029-DAFB-41B0-9675-CF205687ACC8}"
EndProject
Global
	GlobalSection(SolutionConfigurationPlatforms) = preSolution
		Debug|Any CPU = Debug|Any CPU
		Release|Any CPU = Release|Any CPU
	EndGlobalSection
	GlobalSection(ProjectConfigurationPlatforms) = postSolution
		{C7B31BEA-B287-4663-959B-27E95330CD18}.Debug|Any CPU.ActiveCfg = Debug|Any CPU
		{C7B31BEA-B287-4663-959B-27E95330CD18}.Debug|Any CPU.Build.0 = Debug|Any CPU
		{C7B31BEA-B287-4663-959B-27E95330CD18}.Release|Any CPU.ActiveCfg = Release|Any CPU
		{C7B31BEA-B287-4663-959B-27E95330CD18}.Release|Any CPU.Build.0 = Release|Any CPU
		{72309397-F145-4144-8A36-5933A74C6902}.Debug|Any CPU.ActiveCfg = Debug|Any CPU
		{72309397-F145-4144-8A36-5933A74C6902}.Debug|Any CPU.Build.0 = Debug|Any CPU
		{72309397-F145-4144-8A36-5933A74C6902}.Release|Any CPU.ActiveCfg = Release|Any CPU
		{72309397-F145-4144-8A36-5933A74C6902}.Release|Any CPU.Build.0 = Release|Any CPU
		{7998B029-DAFB-41B0-9675-CF205687ACC8}.Debug|Any CPU.ActiveCfg = Debug|Any CPU
		{7998B029-DAFB-41B0-9675-CF205687ACC8}.Debug|Any CPU.Build.0 = Debug|Any CPU
		{7998B029-DAFB-41B0-9675-CF205687ACC8}.Release|Any CPU.ActiveCfg = Release|Any CPU
		{7998B029-DAFB-41B0-9675-CF205687ACC8}.Release|Any CPU.Build.0 = Release|Any CPU
	EndGlobalSection
	GlobalSection(SolutionProperties) = preSolution
		HideSolutionNode = FALSE
	EndGlobalSection
	GlobalSection(ExtensibilityGlobals) = postSolution
		SolutionGuid = {E349BE2D-BA64-47BD-B860-794604FB5674}
	EndGlobalSection
EndGlobal
